
Microsoft Visual Studio Solution File, Format Version 12.00
# Visual Studio 2013
VisualStudioVersion = 12.0.21005.1
MinimumVisualStudioVersion = 10.0.40219.1
Project("{FAE04EC0-301F-11D3-BF4B-00C04F79EFBC}") = "KinniNet.Core", "KinniNet.Business\KinniNet.Core.csproj", "{7852A613-D901-44E2-9319-197C2CC9C390}"
EndProject
Project("{2150E333-8FDC-42A3-9474-1A3956D46DE8}") = "1.1 Structure Layer", "1.1 Structure Layer", "{4A9BE06E-F715-4329-95B7-376375D44CAD}"
EndProject
Project("{2150E333-8FDC-42A3-9474-1A3956D46DE8}") = "Data Access Layer", "Data Access Layer", "{157227AB-B4A4-412A-A2CD-A608B2BF2574}"
EndProject
Project("{2150E333-8FDC-42A3-9474-1A3956D46DE8}") = "Entity Layer", "Entity Layer", "{36AFAE46-A416-4738-BA1C-F8000DA7AB33}"
EndProject
Project("{FAE04EC0-301F-11D3-BF4B-00C04F79EFBC}") = "KiiniNet.Entities", "KiiniNet.Entities\KiiniNet.Entities.csproj", "{C003D316-9B3C-44EF-B6B4-48C98936B0A7}"
EndProject
Project("{2150E333-8FDC-42A3-9474-1A3956D46DE8}") = "1.2-Business Layer", "1.2-Business Layer", "{5F7EDEE2-6257-4F09-ABD0-FC76B2E44718}"
EndProject
Project("{2150E333-8FDC-42A3-9474-1A3956D46DE8}") = "1.4-Presentation Layer", "1.4-Presentation Layer", "{7EAD7319-8702-4DBB-9073-8A9866F4CFF7}"
EndProject
Project("{FAE04EC0-301F-11D3-BF4B-00C04F79EFBC}") = "KinniNet.Business.Utils", "KinniNet.Business.Utils\KinniNet.Business.Utils.csproj", "{911050F0-AACF-4706-8EEF-94754856737F}"
EndProject
Project("{2150E333-8FDC-42A3-9474-1A3956D46DE8}") = "1.4-Test Layer", "1.4-Test Layer", "{006CA23A-1688-43EA-AE75-DB8A617121C6}"
EndProject
Project("{FAE04EC0-301F-11D3-BF4B-00C04F79EFBC}") = "KiiniNet.UnitTestData", "KiiniNet.UnitTest\KiiniNet.UnitTestData.csproj", "{57F1DD03-D379-472B-BF06-1C7EE8637F9C}"
EndProject
Project("{FAE04EC0-301F-11D3-BF4B-00C04F79EFBC}") = "KinniNet.Data", "KinniNet.Data\KinniNet.Data.csproj", "{9791FEA4-D188-41F0-820F-E0D3A309684B}"
EndProject
Project("{2150E333-8FDC-42A3-9474-1A3956D46DE8}") = "web", "web", "{7C792E36-3D20-4FE8-A6CE-B10488EF1DE0}"
EndProject
Project("{FAE04EC0-301F-11D3-BF4B-00C04F79EFBC}") = "KiiniHelp", "KiiniHelp\KiiniHelp.csproj", "{1577A609-84BE-4949-9868-F54DF4EBA60B}"
	ProjectSection(ProjectDependencies) = postProject
		{6D405FFC-F7D2-45CA-95BE-E1E243FCECFE} = {6D405FFC-F7D2-45CA-95BE-E1E243FCECFE}
	EndProjectSection
EndProject
Project("{FAE04EC0-301F-11D3-BF4B-00C04F79EFBC}") = "KiiniMaster", "KiiniMaster\KiiniMaster.csproj", "{2155A6F6-E6FC-4C8F-AE68-53AA4E6CAFC2}"
EndProject
Project("{2150E333-8FDC-42A3-9474-1A3956D46DE8}") = "1.3- Service Layer", "1.3- Service Layer", "{AE89B703-ADD3-483F-9A1C-D587AD889CCD}"
EndProject
Project("{FAE04EC0-301F-11D3-BF4B-00C04F79EFBC}") = "KiiniNet.Services", "KiiniNet.Services\KiiniNet.Services.csproj", "{7CD92C6E-7151-422B-A274-B51B977A48E1}"
EndProject
Project("{FAE04EC0-301F-11D3-BF4B-00C04F79EFBC}") = "KiiniNet.Services.Web", "KiiniNet.Services.Web\KiiniNet.Services.Web.csproj", "{6D405FFC-F7D2-45CA-95BE-E1E243FCECFE}"
EndProject
Global
	GlobalSection(SolutionConfigurationPlatforms) = preSolution
		Debug|Any CPU = Debug|Any CPU
		Release|Any CPU = Release|Any CPU
	EndGlobalSection
	GlobalSection(ProjectConfigurationPlatforms) = postSolution
		{7852A613-D901-44E2-9319-197C2CC9C390}.Debug|Any CPU.ActiveCfg = Debug|Any CPU
		{7852A613-D901-44E2-9319-197C2CC9C390}.Debug|Any CPU.Build.0 = Debug|Any CPU
		{7852A613-D901-44E2-9319-197C2CC9C390}.Release|Any CPU.ActiveCfg = Release|Any CPU
		{7852A613-D901-44E2-9319-197C2CC9C390}.Release|Any CPU.Build.0 = Release|Any CPU
		{C003D316-9B3C-44EF-B6B4-48C98936B0A7}.Debug|Any CPU.ActiveCfg = Debug|Any CPU
		{C003D316-9B3C-44EF-B6B4-48C98936B0A7}.Debug|Any CPU.Build.0 = Debug|Any CPU
		{C003D316-9B3C-44EF-B6B4-48C98936B0A7}.Release|Any CPU.ActiveCfg = Release|Any CPU
		{C003D316-9B3C-44EF-B6B4-48C98936B0A7}.Release|Any CPU.Build.0 = Release|Any CPU
		{911050F0-AACF-4706-8EEF-94754856737F}.Debug|Any CPU.ActiveCfg = Debug|Any CPU
		{911050F0-AACF-4706-8EEF-94754856737F}.Debug|Any CPU.Build.0 = Debug|Any CPU
		{911050F0-AACF-4706-8EEF-94754856737F}.Release|Any CPU.ActiveCfg = Release|Any CPU
		{911050F0-AACF-4706-8EEF-94754856737F}.Release|Any CPU.Build.0 = Release|Any CPU
		{57F1DD03-D379-472B-BF06-1C7EE8637F9C}.Debug|Any CPU.ActiveCfg = Debug|Any CPU
		{57F1DD03-D379-472B-BF06-1C7EE8637F9C}.Debug|Any CPU.Build.0 = Debug|Any CPU
		{57F1DD03-D379-472B-BF06-1C7EE8637F9C}.Release|Any CPU.ActiveCfg = Release|Any CPU
		{57F1DD03-D379-472B-BF06-1C7EE8637F9C}.Release|Any CPU.Build.0 = Release|Any CPU
		{9791FEA4-D188-41F0-820F-E0D3A309684B}.Debug|Any CPU.ActiveCfg = Debug|Any CPU
		{9791FEA4-D188-41F0-820F-E0D3A309684B}.Debug|Any CPU.Build.0 = Debug|Any CPU
		{9791FEA4-D188-41F0-820F-E0D3A309684B}.Release|Any CPU.ActiveCfg = Release|Any CPU
		{9791FEA4-D188-41F0-820F-E0D3A309684B}.Release|Any CPU.Build.0 = Release|Any CPU
		{1577A609-84BE-4949-9868-F54DF4EBA60B}.Debug|Any CPU.ActiveCfg = Debug|Any CPU
		{1577A609-84BE-4949-9868-F54DF4EBA60B}.Debug|Any CPU.Build.0 = Debug|Any CPU
		{1577A609-84BE-4949-9868-F54DF4EBA60B}.Release|Any CPU.ActiveCfg = Release|Any CPU
		{1577A609-84BE-4949-9868-F54DF4EBA60B}.Release|Any CPU.Build.0 = Release|Any CPU
		{2155A6F6-E6FC-4C8F-AE68-53AA4E6CAFC2}.Debug|Any CPU.ActiveCfg = Debug|Any CPU
		{2155A6F6-E6FC-4C8F-AE68-53AA4E6CAFC2}.Release|Any CPU.ActiveCfg = Release|Any CPU
		{2155A6F6-E6FC-4C8F-AE68-53AA4E6CAFC2}.Release|Any CPU.Build.0 = Release|Any CPU
		{7CD92C6E-7151-422B-A274-B51B977A48E1}.Debug|Any CPU.ActiveCfg = Debug|Any CPU
		{7CD92C6E-7151-422B-A274-B51B977A48E1}.Debug|Any CPU.Build.0 = Debug|Any CPU
		{7CD92C6E-7151-422B-A274-B51B977A48E1}.Release|Any CPU.ActiveCfg = Release|Any CPU
		{7CD92C6E-7151-422B-A274-B51B977A48E1}.Release|Any CPU.Build.0 = Release|Any CPU
		{6D405FFC-F7D2-45CA-95BE-E1E243FCECFE}.Debug|Any CPU.ActiveCfg = Debug|Any CPU
		{6D405FFC-F7D2-45CA-95BE-E1E243FCECFE}.Debug|Any CPU.Build.0 = Debug|Any CPU
		{6D405FFC-F7D2-45CA-95BE-E1E243FCECFE}.Release|Any CPU.ActiveCfg = Release|Any CPU
		{6D405FFC-F7D2-45CA-95BE-E1E243FCECFE}.Release|Any CPU.Build.0 = Release|Any CPU
	EndGlobalSection
	GlobalSection(SolutionProperties) = preSolution
		HideSolutionNode = FALSE
	EndGlobalSection
	GlobalSection(NestedProjects) = preSolution
		{7852A613-D901-44E2-9319-197C2CC9C390} = {5F7EDEE2-6257-4F09-ABD0-FC76B2E44718}
		{911050F0-AACF-4706-8EEF-94754856737F} = {5F7EDEE2-6257-4F09-ABD0-FC76B2E44718}
		{157227AB-B4A4-412A-A2CD-A608B2BF2574} = {4A9BE06E-F715-4329-95B7-376375D44CAD}
		{36AFAE46-A416-4738-BA1C-F8000DA7AB33} = {4A9BE06E-F715-4329-95B7-376375D44CAD}
		{9791FEA4-D188-41F0-820F-E0D3A309684B} = {157227AB-B4A4-412A-A2CD-A608B2BF2574}
		{C003D316-9B3C-44EF-B6B4-48C98936B0A7} = {36AFAE46-A416-4738-BA1C-F8000DA7AB33}
		{7C792E36-3D20-4FE8-A6CE-B10488EF1DE0} = {7EAD7319-8702-4DBB-9073-8A9866F4CFF7}
		{57F1DD03-D379-472B-BF06-1C7EE8637F9C} = {006CA23A-1688-43EA-AE75-DB8A617121C6}
		{1577A609-84BE-4949-9868-F54DF4EBA60B} = {7C792E36-3D20-4FE8-A6CE-B10488EF1DE0}
		{2155A6F6-E6FC-4C8F-AE68-53AA4E6CAFC2} = {7C792E36-3D20-4FE8-A6CE-B10488EF1DE0}
		{7CD92C6E-7151-422B-A274-B51B977A48E1} = {AE89B703-ADD3-483F-9A1C-D587AD889CCD}
		{6D405FFC-F7D2-45CA-95BE-E1E243FCECFE} = {AE89B703-ADD3-483F-9A1C-D587AD889CCD}
	EndGlobalSection
EndGlobal
